
Microsoft Visual Studio Solution File, Format Version 12.00
# Visual Studio 15
VisualStudioVersion = 15.0.28307.572
MinimumVisualStudioVersion = 10.0.40219.1
Project("{9A19103F-16F7-4668-BE54-9A1E7A4F7556}") = "CarvedRock.Api", "CarvedRock.Api\CarvedRock.Api.csproj", "{81C7A112-94D5-40C7-B28A-2C2356E71B0E}"
EndProject
Project("{9A19103F-16F7-4668-BE54-9A1E7A4F7556}") = "CarvedRock.Web", "CarvedRock.Web\CarvedRock.Web.csproj", "{EFAF349E-24FD-46A8-865D-9FA0182FF32F}"
EndProject
Global
	GlobalSection(SolutionConfigurationPlatforms) = preSolution
		Debug|Any CPU = Debug|Any CPU
		Release|Any CPU = Release|Any CPU
	EndGlobalSection
	GlobalSection(ProjectConfigurationPlatforms) = postSolution
		{81C7A112-94D5-40C7-B28A-2C2356E71B0E}.Debug|Any CPU.ActiveCfg = Debug|Any CPU
		{81C7A112-94D5-40C7-B28A-2C2356E71B0E}.Debug|Any CPU.Build.0 = Debug|Any CPU
		{81C7A112-94D5-40C7-B28A-2C2356E71B0E}.Release|Any CPU.ActiveCfg = Release|Any CPU
		{81C7A112-94D5-40C7-B28A-2C2356E71B0E}.Release|Any CPU.Build.0 = Release|Any CPU
		{EFAF349E-24FD-46A8-865D-9FA0182FF32F}.Debug|Any CPU.ActiveCfg = Debug|Any CPU
		{EFAF349E-24FD-46A8-865D-9FA0182FF32F}.Debug|Any CPU.Build.0 = Debug|Any CPU
		{EFAF349E-24FD-46A8-865D-9FA0182FF32F}.Release|Any CPU.ActiveCfg = Release|Any CPU
		{EFAF349E-24FD-46A8-865D-9FA0182FF32F}.Release|Any CPU.Build.0 = Release|Any CPU
	EndGlobalSection
	GlobalSection(SolutionProperties) = preSolution
		HideSolutionNode = FALSE
	EndGlobalSection
	GlobalSection(ExtensibilityGlobals) = postSolution
		SolutionGuid = {3596467E-00E0-4519-8FD6-11F3A4805E8D}
	EndGlobalSection
EndGlobal
